
Microsoft Visual Studio Solution File, Format Version 12.00
# Visual Studio Version 17
VisualStudioVersion = 17.5.33424.131
MinimumVisualStudioVersion = 10.0.40219.1
Project("{9A19103F-16F7-4668-BE54-9A1E7A4F7556}") = "ricaun.Revit.UI.Busy", "ricaun.Revit.UI.Busy\ricaun.Revit.UI.Busy.csproj", "{3BAB660A-FADA-4AF0-BE2E-23B7FC5067FC}"
EndProject
Project("{9A19103F-16F7-4668-BE54-9A1E7A4F7556}") = "Build", "Build\Build.csproj", "{A64A0CA4-19A5-4F53-8F22-19D1FDF0F6B4}"
EndProject
Project("{2150E333-8FDC-42A3-9474-1A3956D46DE8}") = "Solution", "Solution", "{44AA1F9A-165C-4BB6-A9EB-5B7A1DBC5EB2}"
	ProjectSection(SolutionItems) = preProject
		CHANGELOG.md = CHANGELOG.md
		Directory.Build.props = Directory.Build.props
		LICENSE = LICENSE
		README.md = README.md
	EndProjectSection
EndProject
Project("{9A19103F-16F7-4668-BE54-9A1E7A4F7556}") = "ricaun.Revit.UI.Busy.Example", "ricaun.Revit.UI.Busy.Example\ricaun.Revit.UI.Busy.Example.csproj", "{CE1D2870-ABE0-4096-95DB-6D6DB724A2E9}"
EndProject
Global
	GlobalSection(SolutionConfigurationPlatforms) = preSolution
		Debug|Any CPU = Debug|Any CPU
		Release|Any CPU = Release|Any CPU
	EndGlobalSection
	GlobalSection(ProjectConfigurationPlatforms) = postSolution
		{3BAB660A-FADA-4AF0-BE2E-23B7FC5067FC}.Debug|Any CPU.ActiveCfg = Debug|Any CPU
		{3BAB660A-FADA-4AF0-BE2E-23B7FC5067FC}.Debug|Any CPU.Build.0 = Debug|Any CPU
		{3BAB660A-FADA-4AF0-BE2E-23B7FC5067FC}.Release|Any CPU.ActiveCfg = Release|Any CPU
		{3BAB660A-FADA-4AF0-BE2E-23B7FC5067FC}.Release|Any CPU.Build.0 = Release|Any CPU
		{A64A0CA4-19A5-4F53-8F22-19D1FDF0F6B4}.Debug|Any CPU.ActiveCfg = Debug|Any CPU
		{A64A0CA4-19A5-4F53-8F22-19D1FDF0F6B4}.Release|Any CPU.ActiveCfg = Release|Any CPU
		{CE1D2870-ABE0-4096-95DB-6D6DB724A2E9}.Debug|Any CPU.ActiveCfg = Debug|Any CPU
		{CE1D2870-ABE0-4096-95DB-6D6DB724A2E9}.Debug|Any CPU.Build.0 = Debug|Any CPU
		{CE1D2870-ABE0-4096-95DB-6D6DB724A2E9}.Release|Any CPU.ActiveCfg = Release|Any CPU
		{CE1D2870-ABE0-4096-95DB-6D6DB724A2E9}.Release|Any CPU.Build.0 = Release|Any CPU
	EndGlobalSection
	GlobalSection(SolutionProperties) = preSolution
		HideSolutionNode = FALSE
	EndGlobalSection
EndGlobal
